
Microsoft Visual Studio Solution File, Format Version 12.00
# Visual Studio Version 16
VisualStudioVersion = 16.0.30717.126
MinimumVisualStudioVersion = 10.0.40219.1
Project("{FAE04EC0-301F-11D3-BF4B-00C04F79EFBC}") = "Todo-List", "Todo-List.csproj", "{50D577F7-29D9-48E9-8695-656AADC0FB97}"
EndProject
Global
	GlobalSection(SolutionConfigurationPlatforms) = preSolution
		Debug|Any CPU = Debug|Any CPU
		Release|Any CPU = Release|Any CPU
	EndGlobalSection
	GlobalSection(ProjectConfigurationPlatforms) = postSolution
		{50D577F7-29D9-48E9-8695-656AADC0FB97}.Debug|Any CPU.ActiveCfg = Debug|Any CPU
		{50D577F7-29D9-48E9-8695-656AADC0FB97}.Debug|Any CPU.Build.0 = Debug|Any CPU
		{50D577F7-29D9-48E9-8695-656AADC0FB97}.Release|Any CPU.ActiveCfg = Release|Any CPU
		{50D577F7-29D9-48E9-8695-656AADC0FB97}.Release|Any CPU.Build.0 = Release|Any CPU
	EndGlobalSection
	GlobalSection(SolutionProperties) = preSolution
		HideSolutionNode = FALSE
	EndGlobalSection
	GlobalSection(ExtensibilityGlobals) = postSolution
		SolutionGuid = {79B3F1E8-B68F-4A49-BC1D-20ADF5B3ACE1}
	EndGlobalSection
EndGlobal
